// !$*UTF8*$!
{
	archiveVersion = 1;
	classes = {
	};
	objectVersion = 46;
	objects = {

/* Begin PBXBuildFile section */
		250B882B15B6006000332392 /* GGFloorPlanPool.m in Sources */ = {isa = PBXBuildFile; fileRef = 250B882A15B6006000332392 /* GGFloorPlanPool.m */; };
		250B883215B610AF00332392 /* CNGeoGraphSelectionViewController.m in Sources */ = {isa = PBXBuildFile; fileRef = 250B883115B610AF00332392 /* CNGeoGraphSelectionViewController.m */; };
		250B883515B615B200332392 /* CNPOITableViewController.m in Sources */ = {isa = PBXBuildFile; fileRef = 250B883415B615B200332392 /* CNPOITableViewController.m */; };
		250B883C15B6EC6100332392 /* GGBuilding.m in Sources */ = {isa = PBXBuildFile; fileRef = 250B883B15B6EC6000332392 /* GGBuilding.m */; };
		250B883F15B6F06D00332392 /* GGPool.m in Sources */ = {isa = PBXBuildFile; fileRef = 250B883E15B6F06D00332392 /* GGPool.m */; };
		250B884215B6F28B00332392 /* GGBuildingPool.m in Sources */ = {isa = PBXBuildFile; fileRef = 250B884115B6F28B00332392 /* GGBuildingPool.m */; };
		250B885315B74A7900332392 /* CNUserPOIViewController.m in Sources */ = {isa = PBXBuildFile; fileRef = 250B885215B74A7900332392 /* CNUserPOIViewController.m */; };
		2514551715BF0693004C2931 /* CNPathNode.m in Sources */ = {isa = PBXBuildFile; fileRef = 2514551615BF0692004C2931 /* CNPathNode.m */; };
		2514552215BF2C61004C2931 /* down.png in Resources */ = {isa = PBXBuildFile; fileRef = 2514551D15BF2C61004C2931 /* down.png */; };
		2514552315BF2C61004C2931 /* left.png in Resources */ = {isa = PBXBuildFile; fileRef = 2514551E15BF2C61004C2931 /* left.png */; };
		2514552415BF2C61004C2931 /* right.png in Resources */ = {isa = PBXBuildFile; fileRef = 2514551F15BF2C61004C2931 /* right.png */; };
		2514552515BF2C61004C2931 /* straight.png in Resources */ = {isa = PBXBuildFile; fileRef = 2514552015BF2C61004C2931 /* straight.png */; };
		2514552615BF2C61004C2931 /* up.png in Resources */ = {isa = PBXBuildFile; fileRef = 2514552115BF2C61004C2931 /* up.png */; };
		2514552A15BF3DCB004C2931 /* destination.png in Resources */ = {isa = PBXBuildFile; fileRef = 2514552815BF3DCB004C2931 /* destination.png */; };
		2514552B15BF3DCB004C2931 /* source.png in Resources */ = {isa = PBXBuildFile; fileRef = 2514552915BF3DCB004C2931 /* source.png */; };
		2514553115BF402E004C2931 /* MC_02FLR.png in Resources */ = {isa = PBXBuildFile; fileRef = 2514552F15BF402E004C2931 /* MC_02FLR.png */; };
		2514553215BF402E004C2931 /* MC_03FLR.png in Resources */ = {isa = PBXBuildFile; fileRef = 2514553015BF402E004C2931 /* MC_03FLR.png */; };
		253739DD15B8EB8E000FECC4 /* back.png in Resources */ = {isa = PBXBuildFile; fileRef = 2537393B15B8EB8D000FECC4 /* back.png */; };
		253739DE15B8EB8E000FECC4 /* back@2x.png in Resources */ = {isa = PBXBuildFile; fileRef = 2537393C15B8EB8D000FECC4 /* back@2x.png */; };
		253739F715B8EB8E000FECC4 /* ipad-BG-pattern.png in Resources */ = {isa = PBXBuildFile; fileRef = 2537395515B8EB8D000FECC4 /* ipad-BG-pattern.png */; };
		253739F815B8EB8E000FECC4 /* ipad-BG-pattern@2x.png in Resources */ = {isa = PBXBuildFile; fileRef = 2537395615B8EB8D000FECC4 /* ipad-BG-pattern@2x.png */; };
		25373A3515B8EB8E000FECC4 /* menubar-button.png in Resources */ = {isa = PBXBuildFile; fileRef = 2537399315B8EB8D000FECC4 /* menubar-button.png */; };
		25373A3615B8EB8E000FECC4 /* menubar-button@2x.png in Resources */ = {isa = PBXBuildFile; fileRef = 2537399415B8EB8D000FECC4 /* menubar-button@2x.png */; };
		25373A3715B8EB8E000FECC4 /* menubar.png in Resources */ = {isa = PBXBuildFile; fileRef = 2537399515B8EB8D000FECC4 /* menubar.png */; };
		25373A3815B8EB8E000FECC4 /* menubar@2x.png in Resources */ = {isa = PBXBuildFile; fileRef = 2537399615B8EB8D000FECC4 /* menubar@2x.png */; };
		25373A6315B8EB8E000FECC4 /* tab-icon1.png in Resources */ = {isa = PBXBuildFile; fileRef = 253739C115B8EB8E000FECC4 /* tab-icon1.png */; };
		25373A6415B8EB8E000FECC4 /* tab-icon1@2x.png in Resources */ = {isa = PBXBuildFile; fileRef = 253739C215B8EB8E000FECC4 /* tab-icon1@2x.png */; };
		25373A6515B8EB8E000FECC4 /* tab-icon2.png in Resources */ = {isa = PBXBuildFile; fileRef = 253739C315B8EB8E000FECC4 /* tab-icon2.png */; };
		25373A6615B8EB8E000FECC4 /* tab-icon2@2x.png in Resources */ = {isa = PBXBuildFile; fileRef = 253739C415B8EB8E000FECC4 /* tab-icon2@2x.png */; };
		25373A6715B8EB8E000FECC4 /* tab-icon3.png in Resources */ = {isa = PBXBuildFile; fileRef = 253739C515B8EB8E000FECC4 /* tab-icon3.png */; };
		25373A6815B8EB8E000FECC4 /* tab-icon3.psd in Resources */ = {isa = PBXBuildFile; fileRef = 253739C615B8EB8E000FECC4 /* tab-icon3.psd */; };
		25373A6915B8EB8E000FECC4 /* tab-icon3@2x.png in Resources */ = {isa = PBXBuildFile; fileRef = 253739C715B8EB8E000FECC4 /* tab-icon3@2x.png */; };
		25373A6A15B8EB8E000FECC4 /* tab-icon4.png in Resources */ = {isa = PBXBuildFile; fileRef = 253739C815B8EB8E000FECC4 /* tab-icon4.png */; };
		25373A6B15B8EB8E000FECC4 /* tab-icon4@2x.png in Resources */ = {isa = PBXBuildFile; fileRef = 253739C915B8EB8E000FECC4 /* tab-icon4@2x.png */; };
		25373A6C15B8EB8E000FECC4 /* tabbar-active.png in Resources */ = {isa = PBXBuildFile; fileRef = 253739CA15B8EB8E000FECC4 /* tabbar-active.png */; };
		25373A6D15B8EB8E000FECC4 /* tabbar-active@2x.png in Resources */ = {isa = PBXBuildFile; fileRef = 253739CB15B8EB8E000FECC4 /* tabbar-active@2x.png */; };
		25373A6E15B8EB8E000FECC4 /* tabbar.png in Resources */ = {isa = PBXBuildFile; fileRef = 253739CC15B8EB8E000FECC4 /* tabbar.png */; };
		25373A6F15B8EB8E000FECC4 /* tabbar@2x.png in Resources */ = {isa = PBXBuildFile; fileRef = 253739CD15B8EB8E000FECC4 /* tabbar@2x.png */; };
		25373A7115B8F01F000FECC4 /* QuartzCore.framework in Frameworks */ = {isa = PBXBuildFile; fileRef = 25373A7015B8F01F000FECC4 /* QuartzCore.framework */; };
		25373A7415B8F141000FECC4 /* CNUICustomize.m in Sources */ = {isa = PBXBuildFile; fileRef = 25373A7315B8F141000FECC4 /* CNUICustomize.m */; };
		25373A7B15B901F8000FECC4 /* CNNavigationController.m in Sources */ = {isa = PBXBuildFile; fileRef = 25373A7A15B901F8000FECC4 /* CNNavigationController.m */; };
		255FF02615B7959E0033C98B /* CNPOIDetailViewController.m in Sources */ = {isa = PBXBuildFile; fileRef = 255FF02515B7959E0033C98B /* CNPOIDetailViewController.m */; };
		255FF02915B796D00033C98B /* UserPOI.m in Sources */ = {isa = PBXBuildFile; fileRef = 255FF02815B796D00033C98B /* UserPOI.m */; };
		255FF03015B7A3A60033C98B /* CNUserProfile.m in Sources */ = {isa = PBXBuildFile; fileRef = 255FF02F15B7A3A60033C98B /* CNUserProfile.m */; };
		255FF03F15B89A1C0033C98B /* CNNavConfigViewController.m in Sources */ = {isa = PBXBuildFile; fileRef = 255FF03E15B89A1B0033C98B /* CNNavConfigViewController.m */; };
		255FF04315B89C0D0033C98B /* CNPOICell.m in Sources */ = {isa = PBXBuildFile; fileRef = 255FF04215B89C0D0033C98B /* CNPOICell.m */; };
		257C9F0415E9CFE1004AF278 /* bg-yellow.png in Resources */ = {isa = PBXBuildFile; fileRef = 257C9F0015E9CFE1004AF278 /* bg-yellow.png */; };
		257C9F0515E9CFE1004AF278 /* bg-yellow@2x.png in Resources */ = {isa = PBXBuildFile; fileRef = 257C9F0115E9CFE1004AF278 /* bg-yellow@2x.png */; };
		257C9F0615E9CFE1004AF278 /* YRDropdownView.m in Sources */ = {isa = PBXBuildFile; fileRef = 257C9F0315E9CFE1004AF278 /* YRDropdownView.m */; };
		2586975A15817CD300F79A1A /* UIKit.framework in Frameworks */ = {isa = PBXBuildFile; fileRef = 2586975915817CD300F79A1A /* UIKit.framework */; };
		2586975C15817CD300F79A1A /* Foundation.framework in Frameworks */ = {isa = PBXBuildFile; fileRef = 2586975B15817CD300F79A1A /* Foundation.framework */; };
		2586975E15817CD300F79A1A /* CoreGraphics.framework in Frameworks */ = {isa = PBXBuildFile; fileRef = 2586975D15817CD300F79A1A /* CoreGraphics.framework */; };
		2586976015817CD300F79A1A /* CoreData.framework in Frameworks */ = {isa = PBXBuildFile; fileRef = 2586975F15817CD300F79A1A /* CoreData.framework */; };
		2586976615817CD300F79A1A /* InfoPlist.strings in Resources */ = {isa = PBXBuildFile; fileRef = 2586976415817CD300F79A1A /* InfoPlist.strings */; };
		2586976815817CD300F79A1A /* main.m in Sources */ = {isa = PBXBuildFile; fileRef = 2586976715817CD300F79A1A /* main.m */; };
		2586976C15817CD300F79A1A /* CNAppDelegate.m in Sources */ = {isa = PBXBuildFile; fileRef = 2586976B15817CD300F79A1A /* CNAppDelegate.m */; };
		2586976F15817CD300F79A1A /* CampusNav.xcdatamodeld in Sources */ = {isa = PBXBuildFile; fileRef = 2586976D15817CD300F79A1A /* CampusNav.xcdatamodeld */; };
		25936C921582683D005D8924 /* Storyboard.storyboard in Resources */ = {isa = PBXBuildFile; fileRef = 25936C911582683D005D8924 /* Storyboard.storyboard */; };
		25E240EB15BC861000B70887 /* CNPathCalculator.m in Sources */ = {isa = PBXBuildFile; fileRef = 25E240EA15BC861000B70887 /* CNPathCalculator.m */; };
		25E240F615BCEF0900B70887 /* CNSameFloorPathCalculator.m in Sources */ = {isa = PBXBuildFile; fileRef = 25E240F515BCEF0900B70887 /* CNSameFloorPathCalculator.m */; };
		25E240F915BD052B00B70887 /* CNNavResultViewController.m in Sources */ = {isa = PBXBuildFile; fileRef = 25E240F815BD052B00B70887 /* CNNavResultViewController.m */; };
		25E240FC15BE486F00B70887 /* CNSameBuildingPathCalculator.m in Sources */ = {isa = PBXBuildFile; fileRef = 25E240FB15BE486F00B70887 /* CNSameBuildingPathCalculator.m */; };
		25E7944215B5C5D800E7B58C /* GGSystem+GGInternalSystem.m in Sources */ = {isa = PBXBuildFile; fileRef = 25E7944115B5C5D800E7B58C /* GGSystem+GGInternalSystem.m */; };
		25FF0BAE15B4A6FC00F5EE73 /* FMDatabase.m in Sources */ = {isa = PBXBuildFile; fileRef = 25FF0BA915B4A6FC00F5EE73 /* FMDatabase.m */; };
		25FF0BAF15B4A6FC00F5EE73 /* FMDatabaseAdditions.m in Sources */ = {isa = PBXBuildFile; fileRef = 25FF0BAB15B4A6FC00F5EE73 /* FMDatabaseAdditions.m */; };
		25FF0BB015B4A6FC00F5EE73 /* FMResultSet.m in Sources */ = {isa = PBXBuildFile; fileRef = 25FF0BAD15B4A6FC00F5EE73 /* FMResultSet.m */; };
		25FF0BB315B4A71900F5EE73 /* FMDatabasePool.m in Sources */ = {isa = PBXBuildFile; fileRef = 25FF0BB215B4A71900F5EE73 /* FMDatabasePool.m */; };
		25FF0BB515B4A73500F5EE73 /* libsqlite3.dylib in Frameworks */ = {isa = PBXBuildFile; fileRef = 25FF0BB415B4A73500F5EE73 /* libsqlite3.dylib */; };
		25FF0BB915B4A89C00F5EE73 /* CNCategoryTableViewController.m in Sources */ = {isa = PBXBuildFile; fileRef = 25FF0BB815B4A89C00F5EE73 /* CNCategoryTableViewController.m */; };
		25FF0BBD15B4BA4100F5EE73 /* GGFloorPlan.m in Sources */ = {isa = PBXBuildFile; fileRef = 25FF0BBC15B4BA4100F5EE73 /* GGFloorPlan.m */; };
		25FF0BC015B4BE4400F5EE73 /* GGPoint.m in Sources */ = {isa = PBXBuildFile; fileRef = 25FF0BBF15B4BE4400F5EE73 /* GGPoint.m */; };
		25FF0BC315B4C10300F5EE73 /* GGElement.m in Sources */ = {isa = PBXBuildFile; fileRef = 25FF0BC215B4C10300F5EE73 /* GGElement.m */; };
		25FF0BC615B4C31F00F5EE73 /* GGPOI.m in Sources */ = {isa = PBXBuildFile; fileRef = 25FF0BC515B4C31F00F5EE73 /* GGPOI.m */; };
		25FF0BC915B4C97000F5EE73 /* GGEdge.m in Sources */ = {isa = PBXBuildFile; fileRef = 25FF0BC815B4C97000F5EE73 /* GGEdge.m */; };
		25FF0BCC15B4E6EA00F5EE73 /* GGGraph.m in Sources */ = {isa = PBXBuildFile; fileRef = 25FF0BCB15B4E6EA00F5EE73 /* GGGraph.m */; };
		25FF0BD015B4EDE400F5EE73 /* GGPOIPool.m in Sources */ = {isa = PBXBuildFile; fileRef = 25FF0BCF15B4EDE400F5EE73 /* GGPOIPool.m */; };
		25FF0BD615B5038600F5EE73 /* CoreLocation.framework in Frameworks */ = {isa = PBXBuildFile; fileRef = 25FF0BD515B5038600F5EE73 /* CoreLocation.framework */; };
		25FF0BDD15B519D400F5EE73 /* GGSystem.m in Sources */ = {isa = PBXBuildFile; fileRef = 25FF0BDC15B519D300F5EE73 /* GGSystem.m */; };
		25FF0BE315B5342600F5EE73 /* GG_DATA.sqlite in Resources */ = {isa = PBXBuildFile; fileRef = 25FF0BE215B5341E00F5EE73 /* GG_DATA.sqlite */; };
/* End PBXBuildFile section */

/* Begin PBXFileReference section */
		250B882915B6006000332392 /* GGFloorPlanPool.h */ = {isa = PBXFileReference; fileEncoding = 4; lastKnownFileType = sourcecode.c.h; path = GGFloorPlanPool.h; sourceTree = "<group>"; };
		250B882A15B6006000332392 /* GGFloorPlanPool.m */ = {isa = PBXFileReference; fileEncoding = 4; lastKnownFileType = sourcecode.c.objc; path = GGFloorPlanPool.m; sourceTree = "<group>"; };
		250B883015B610AF00332392 /* CNGeoGraphSelectionViewController.h */ = {isa = PBXFileReference; fileEncoding = 4; lastKnownFileType = sourcecode.c.h; path = CNGeoGraphSelectionViewController.h; sourceTree = "<group>"; };
		250B883115B610AF00332392 /* CNGeoGraphSelectionViewController.m */ = {isa = PBXFileReference; fileEncoding = 4; lastKnownFileType = sourcecode.c.objc; path = CNGeoGraphSelectionViewController.m; sourceTree = "<group>"; };
		250B883315B615B200332392 /* CNPOITableViewController.h */ = {isa = PBXFileReference; fileEncoding = 4; lastKnownFileType = sourcecode.c.h; path = CNPOITableViewController.h; sourceTree = "<group>"; };
		250B883415B615B200332392 /* CNPOITableViewController.m */ = {isa = PBXFileReference; fileEncoding = 4; lastKnownFileType = sourcecode.c.objc; path = CNPOITableViewController.m; sourceTree = "<group>"; };
		250B883A15B6EC5F00332392 /* GGBuilding.h */ = {isa = PBXFileReference; fileEncoding = 4; lastKnownFileType = sourcecode.c.h; path = GGBuilding.h; sourceTree = "<group>"; };
		250B883B15B6EC6000332392 /* GGBuilding.m */ = {isa = PBXFileReference; fileEncoding = 4; lastKnownFileType = sourcecode.c.objc; path = GGBuilding.m; sourceTree = "<group>"; };
		250B883D15B6F06D00332392 /* GGPool.h */ = {isa = PBXFileReference; fileEncoding = 4; lastKnownFileType = sourcecode.c.h; path = GGPool.h; sourceTree = "<group>"; };
		250B883E15B6F06D00332392 /* GGPool.m */ = {isa = PBXFileReference; fileEncoding = 4; lastKnownFileType = sourcecode.c.objc; path = GGPool.m; sourceTree = "<group>"; };
		250B884015B6F28B00332392 /* GGBuildingPool.h */ = {isa = PBXFileReference; fileEncoding = 4; lastKnownFileType = sourcecode.c.h; path = GGBuildingPool.h; sourceTree = "<group>"; };
		250B884115B6F28B00332392 /* GGBuildingPool.m */ = {isa = PBXFileReference; fileEncoding = 4; lastKnownFileType = sourcecode.c.objc; path = GGBuildingPool.m; sourceTree = "<group>"; };
		250B885115B74A7900332392 /* CNUserPOIViewController.h */ = {isa = PBXFileReference; fileEncoding = 4; lastKnownFileType = sourcecode.c.h; path = CNUserPOIViewController.h; sourceTree = "<group>"; };
		250B885215B74A7900332392 /* CNUserPOIViewController.m */ = {isa = PBXFileReference; fileEncoding = 4; lastKnownFileType = sourcecode.c.objc; path = CNUserPOIViewController.m; sourceTree = "<group>"; };
		2514551515BF0692004C2931 /* CNPathNode.h */ = {isa = PBXFileReference; fileEncoding = 4; lastKnownFileType = sourcecode.c.h; path = CNPathNode.h; sourceTree = "<group>"; };
		2514551615BF0692004C2931 /* CNPathNode.m */ = {isa = PBXFileReference; fileEncoding = 4; lastKnownFileType = sourcecode.c.objc; path = CNPathNode.m; sourceTree = "<group>"; };
		2514551D15BF2C61004C2931 /* down.png */ = {isa = PBXFileReference; lastKnownFileType = image.png; path = down.png; sourceTree = "<group>"; };
		2514551E15BF2C61004C2931 /* left.png */ = {isa = PBXFileReference; lastKnownFileType = image.png; path = left.png; sourceTree = "<group>"; };
		2514551F15BF2C61004C2931 /* right.png */ = {isa = PBXFileReference; lastKnownFileType = image.png; path = right.png; sourceTree = "<group>"; };
		2514552015BF2C61004C2931 /* straight.png */ = {isa = PBXFileReference; lastKnownFileType = image.png; path = straight.png; sourceTree = "<group>"; };
		2514552115BF2C61004C2931 /* up.png */ = {isa = PBXFileReference; lastKnownFileType = image.png; path = up.png; sourceTree = "<group>"; };
		2514552815BF3DCB004C2931 /* destination.png */ = {isa = PBXFileReference; lastKnownFileType = image.png; path = destination.png; sourceTree = "<group>"; };
		2514552915BF3DCB004C2931 /* source.png */ = {isa = PBXFileReference; lastKnownFileType = image.png; path = source.png; sourceTree = "<group>"; };
		2514552F15BF402E004C2931 /* MC_02FLR.png */ = {isa = PBXFileReference; lastKnownFileType = image.png; path = MC_02FLR.png; sourceTree = "<group>"; };
		2514553015BF402E004C2931 /* MC_03FLR.png */ = {isa = PBXFileReference; lastKnownFileType = image.png; path = MC_03FLR.png; sourceTree = "<group>"; };
		2537393B15B8EB8D000FECC4 /* back.png */ = {isa = PBXFileReference; lastKnownFileType = image.png; path = back.png; sourceTree = "<group>"; };
		2537393C15B8EB8D000FECC4 /* back@2x.png */ = {isa = PBXFileReference; lastKnownFileType = image.png; path = "back@2x.png"; sourceTree = "<group>"; };
		2537395515B8EB8D000FECC4 /* ipad-BG-pattern.png */ = {isa = PBXFileReference; lastKnownFileType = image.png; path = "ipad-BG-pattern.png"; sourceTree = "<group>"; };
		2537395615B8EB8D000FECC4 /* ipad-BG-pattern@2x.png */ = {isa = PBXFileReference; lastKnownFileType = image.png; path = "ipad-BG-pattern@2x.png"; sourceTree = "<group>"; };
		2537399315B8EB8D000FECC4 /* menubar-button.png */ = {isa = PBXFileReference; lastKnownFileType = image.png; path = "menubar-button.png"; sourceTree = "<group>"; };
		2537399415B8EB8D000FECC4 /* menubar-button@2x.png */ = {isa = PBXFileReference; lastKnownFileType = image.png; path = "menubar-button@2x.png"; sourceTree = "<group>"; };
		2537399515B8EB8D000FECC4 /* menubar.png */ = {isa = PBXFileReference; lastKnownFileType = image.png; path = menubar.png; sourceTree = "<group>"; };
		2537399615B8EB8D000FECC4 /* menubar@2x.png */ = {isa = PBXFileReference; lastKnownFileType = image.png; path = "menubar@2x.png"; sourceTree = "<group>"; };
		253739C115B8EB8E000FECC4 /* tab-icon1.png */ = {isa = PBXFileReference; lastKnownFileType = image.png; path = "tab-icon1.png"; sourceTree = "<group>"; };
		253739C215B8EB8E000FECC4 /* tab-icon1@2x.png */ = {isa = PBXFileReference; lastKnownFileType = image.png; path = "tab-icon1@2x.png"; sourceTree = "<group>"; };
		253739C315B8EB8E000FECC4 /* tab-icon2.png */ = {isa = PBXFileReference; lastKnownFileType = image.png; path = "tab-icon2.png"; sourceTree = "<group>"; };
		253739C415B8EB8E000FECC4 /* tab-icon2@2x.png */ = {isa = PBXFileReference; lastKnownFileType = image.png; path = "tab-icon2@2x.png"; sourceTree = "<group>"; };
		253739C515B8EB8E000FECC4 /* tab-icon3.png */ = {isa = PBXFileReference; lastKnownFileType = image.png; path = "tab-icon3.png"; sourceTree = "<group>"; };
		253739C615B8EB8E000FECC4 /* tab-icon3.psd */ = {isa = PBXFileReference; lastKnownFileType = file; path = "tab-icon3.psd"; sourceTree = "<group>"; };
		253739C715B8EB8E000FECC4 /* tab-icon3@2x.png */ = {isa = PBXFileReference; lastKnownFileType = image.png; path = "tab-icon3@2x.png"; sourceTree = "<group>"; };
		253739C815B8EB8E000FECC4 /* tab-icon4.png */ = {isa = PBXFileReference; lastKnownFileType = image.png; path = "tab-icon4.png"; sourceTree = "<group>"; };
		253739C915B8EB8E000FECC4 /* tab-icon4@2x.png */ = {isa = PBXFileReference; lastKnownFileType = image.png; path = "tab-icon4@2x.png"; sourceTree = "<group>"; };
		253739CA15B8EB8E000FECC4 /* tabbar-active.png */ = {isa = PBXFileReference; lastKnownFileType = image.png; path = "tabbar-active.png"; sourceTree = "<group>"; };
		253739CB15B8EB8E000FECC4 /* tabbar-active@2x.png */ = {isa = PBXFileReference; lastKnownFileType = image.png; path = "tabbar-active@2x.png"; sourceTree = "<group>"; };
		253739CC15B8EB8E000FECC4 /* tabbar.png */ = {isa = PBXFileReference; lastKnownFileType = image.png; path = tabbar.png; sourceTree = "<group>"; };
		253739CD15B8EB8E000FECC4 /* tabbar@2x.png */ = {isa = PBXFileReference; lastKnownFileType = image.png; path = "tabbar@2x.png"; sourceTree = "<group>"; };
		25373A7015B8F01F000FECC4 /* QuartzCore.framework */ = {isa = PBXFileReference; lastKnownFileType = wrapper.framework; name = QuartzCore.framework; path = System/Library/Frameworks/QuartzCore.framework; sourceTree = SDKROOT; };
		25373A7215B8F141000FECC4 /* CNUICustomize.h */ = {isa = PBXFileReference; fileEncoding = 4; lastKnownFileType = sourcecode.c.h; path = CNUICustomize.h; sourceTree = "<group>"; };
		25373A7315B8F141000FECC4 /* CNUICustomize.m */ = {isa = PBXFileReference; fileEncoding = 4; lastKnownFileType = sourcecode.c.objc; path = CNUICustomize.m; sourceTree = "<group>"; };
		25373A7915B901F8000FECC4 /* CNNavigationController.h */ = {isa = PBXFileReference; fileEncoding = 4; lastKnownFileType = sourcecode.c.h; path = CNNavigationController.h; sourceTree = "<group>"; };
		25373A7A15B901F8000FECC4 /* CNNavigationController.m */ = {isa = PBXFileReference; fileEncoding = 4; lastKnownFileType = sourcecode.c.objc; path = CNNavigationController.m; sourceTree = "<group>"; };
		255E160B1581B572002B9EBC /* .gitignore */ = {isa = PBXFileReference; fileEncoding = 4; lastKnownFileType = text; path = .gitignore; sourceTree = "<group>"; };
		255E160E1581B8FA002B9EBC /* README.md */ = {isa = PBXFileReference; lastKnownFileType = text; path = README.md; sourceTree = "<group>"; };
		255FF02415B7959E0033C98B /* CNPOIDetailViewController.h */ = {isa = PBXFileReference; fileEncoding = 4; lastKnownFileType = sourcecode.c.h; path = CNPOIDetailViewController.h; sourceTree = "<group>"; };
		255FF02515B7959E0033C98B /* CNPOIDetailViewController.m */ = {isa = PBXFileReference; fileEncoding = 4; lastKnownFileType = sourcecode.c.objc; path = CNPOIDetailViewController.m; sourceTree = "<group>"; };
		255FF02715B796D00033C98B /* UserPOI.h */ = {isa = PBXFileReference; fileEncoding = 4; lastKnownFileType = sourcecode.c.h; path = UserPOI.h; sourceTree = "<group>"; };
		255FF02815B796D00033C98B /* UserPOI.m */ = {isa = PBXFileReference; fileEncoding = 4; lastKnownFileType = sourcecode.c.objc; path = UserPOI.m; sourceTree = "<group>"; };
		255FF02E15B7A3A60033C98B /* CNUserProfile.h */ = {isa = PBXFileReference; fileEncoding = 4; lastKnownFileType = sourcecode.c.h; path = CNUserProfile.h; sourceTree = "<group>"; };
		255FF02F15B7A3A60033C98B /* CNUserProfile.m */ = {isa = PBXFileReference; fileEncoding = 4; lastKnownFileType = sourcecode.c.objc; path = CNUserProfile.m; sourceTree = "<group>"; };
		255FF03D15B89A1B0033C98B /* CNNavConfigViewController.h */ = {isa = PBXFileReference; fileEncoding = 4; lastKnownFileType = sourcecode.c.h; path = CNNavConfigViewController.h; sourceTree = "<group>"; };
		255FF03E15B89A1B0033C98B /* CNNavConfigViewController.m */ = {isa = PBXFileReference; fileEncoding = 4; lastKnownFileType = sourcecode.c.objc; path = CNNavConfigViewController.m; sourceTree = "<group>"; };
		255FF04115B89C0D0033C98B /* CNPOICell.h */ = {isa = PBXFileReference; fileEncoding = 4; lastKnownFileType = sourcecode.c.h; path = CNPOICell.h; sourceTree = "<group>"; };
		255FF04215B89C0D0033C98B /* CNPOICell.m */ = {isa = PBXFileReference; fileEncoding = 4; lastKnownFileType = sourcecode.c.objc; path = CNPOICell.m; sourceTree = "<group>"; };
		257C9F0015E9CFE1004AF278 /* bg-yellow.png */ = {isa = PBXFileReference; lastKnownFileType = image.png; path = "bg-yellow.png"; sourceTree = "<group>"; };
		257C9F0115E9CFE1004AF278 /* bg-yellow@2x.png */ = {isa = PBXFileReference; lastKnownFileType = image.png; path = "bg-yellow@2x.png"; sourceTree = "<group>"; };
		257C9F0215E9CFE1004AF278 /* YRDropdownView.h */ = {isa = PBXFileReference; fileEncoding = 4; lastKnownFileType = sourcecode.c.h; path = YRDropdownView.h; sourceTree = "<group>"; };
		257C9F0315E9CFE1004AF278 /* YRDropdownView.m */ = {isa = PBXFileReference; fileEncoding = 4; lastKnownFileType = sourcecode.c.objc; path = YRDropdownView.m; sourceTree = "<group>"; };
		2586975515817CD300F79A1A /* CampusNav.app */ = {isa = PBXFileReference; explicitFileType = wrapper.application; includeInIndex = 0; path = CampusNav.app; sourceTree = BUILT_PRODUCTS_DIR; };
		2586975915817CD300F79A1A /* UIKit.framework */ = {isa = PBXFileReference; lastKnownFileType = wrapper.framework; name = UIKit.framework; path = System/Library/Frameworks/UIKit.framework; sourceTree = SDKROOT; };
		2586975B15817CD300F79A1A /* Foundation.framework */ = {isa = PBXFileReference; lastKnownFileType = wrapper.framework; name = Foundation.framework; path = System/Library/Frameworks/Foundation.framework; sourceTree = SDKROOT; };
		2586975D15817CD300F79A1A /* CoreGraphics.framework */ = {isa = PBXFileReference; lastKnownFileType = wrapper.framework; name = CoreGraphics.framework; path = System/Library/Frameworks/CoreGraphics.framework; sourceTree = SDKROOT; };
		2586975F15817CD300F79A1A /* CoreData.framework */ = {isa = PBXFileReference; lastKnownFileType = wrapper.framework; name = CoreData.framework; path = System/Library/Frameworks/CoreData.framework; sourceTree = SDKROOT; };
		2586976315817CD300F79A1A /* CampusNav-Info.plist */ = {isa = PBXFileReference; lastKnownFileType = text.plist.xml; path = "CampusNav-Info.plist"; sourceTree = "<group>"; };
		2586976515817CD300F79A1A /* en */ = {isa = PBXFileReference; lastKnownFileType = text.plist.strings; name = en; path = en.lproj/InfoPlist.strings; sourceTree = "<group>"; };
		2586976715817CD300F79A1A /* main.m */ = {isa = PBXFileReference; lastKnownFileType = sourcecode.c.objc; path = main.m; sourceTree = "<group>"; };
		2586976915817CD300F79A1A /* CampusNav-Prefix.pch */ = {isa = PBXFileReference; lastKnownFileType = sourcecode.c.h; path = "CampusNav-Prefix.pch"; sourceTree = "<group>"; };
		2586976A15817CD300F79A1A /* CNAppDelegate.h */ = {isa = PBXFileReference; lastKnownFileType = sourcecode.c.h; path = CNAppDelegate.h; sourceTree = "<group>"; };
		2586976B15817CD300F79A1A /* CNAppDelegate.m */ = {isa = PBXFileReference; lastKnownFileType = sourcecode.c.objc; path = CNAppDelegate.m; sourceTree = "<group>"; };
		2586976E15817CD300F79A1A /* CampusNav.xcdatamodel */ = {isa = PBXFileReference; lastKnownFileType = wrapper.xcdatamodel; path = CampusNav.xcdatamodel; sourceTree = "<group>"; };
		25936C911582683D005D8924 /* Storyboard.storyboard */ = {isa = PBXFileReference; fileEncoding = 4; lastKnownFileType = file.storyboard; path = Storyboard.storyboard; sourceTree = "<group>"; };
		25E240E915BC861000B70887 /* CNPathCalculator.h */ = {isa = PBXFileReference; fileEncoding = 4; lastKnownFileType = sourcecode.c.h; path = CNPathCalculator.h; sourceTree = "<group>"; };
		25E240EA15BC861000B70887 /* CNPathCalculator.m */ = {isa = PBXFileReference; fileEncoding = 4; lastKnownFileType = sourcecode.c.objc; path = CNPathCalculator.m; sourceTree = "<group>"; };
		25E240F415BCEF0900B70887 /* CNSameFloorPathCalculator.h */ = {isa = PBXFileReference; fileEncoding = 4; lastKnownFileType = sourcecode.c.h; path = CNSameFloorPathCalculator.h; sourceTree = "<group>"; };
		25E240F515BCEF0900B70887 /* CNSameFloorPathCalculator.m */ = {isa = PBXFileReference; fileEncoding = 4; lastKnownFileType = sourcecode.c.objc; path = CNSameFloorPathCalculator.m; sourceTree = "<group>"; };
		25E240F715BD052A00B70887 /* CNNavResultViewController.h */ = {isa = PBXFileReference; fileEncoding = 4; lastKnownFileType = sourcecode.c.h; path = CNNavResultViewController.h; sourceTree = "<group>"; };
		25E240F815BD052B00B70887 /* CNNavResultViewController.m */ = {isa = PBXFileReference; fileEncoding = 4; lastKnownFileType = sourcecode.c.objc; path = CNNavResultViewController.m; sourceTree = "<group>"; };
		25E240FA15BE486F00B70887 /* CNSameBuildingPathCalculator.h */ = {isa = PBXFileReference; fileEncoding = 4; lastKnownFileType = sourcecode.c.h; path = CNSameBuildingPathCalculator.h; sourceTree = "<group>"; };
		25E240FB15BE486F00B70887 /* CNSameBuildingPathCalculator.m */ = {isa = PBXFileReference; fileEncoding = 4; lastKnownFileType = sourcecode.c.objc; path = CNSameBuildingPathCalculator.m; sourceTree = "<group>"; };
		25E7944015B5C5D800E7B58C /* GGSystem+GGInternalSystem.h */ = {isa = PBXFileReference; fileEncoding = 4; lastKnownFileType = sourcecode.c.h; path = "GGSystem+GGInternalSystem.h"; sourceTree = "<group>"; };
		25E7944115B5C5D800E7B58C /* GGSystem+GGInternalSystem.m */ = {isa = PBXFileReference; fileEncoding = 4; lastKnownFileType = sourcecode.c.objc; path = "GGSystem+GGInternalSystem.m"; sourceTree = "<group>"; };
		25FF0BA815B4A6FC00F5EE73 /* FMDatabase.h */ = {isa = PBXFileReference; fileEncoding = 4; lastKnownFileType = sourcecode.c.h; lineEnding = 0; path = FMDatabase.h; sourceTree = "<group>"; xcLanguageSpecificationIdentifier = xcode.lang.objcpp; };
		25FF0BA915B4A6FC00F5EE73 /* FMDatabase.m */ = {isa = PBXFileReference; fileEncoding = 4; lastKnownFileType = sourcecode.c.objc; path = FMDatabase.m; sourceTree = "<group>"; };
		25FF0BAA15B4A6FC00F5EE73 /* FMDatabaseAdditions.h */ = {isa = PBXFileReference; fileEncoding = 4; lastKnownFileType = sourcecode.c.h; path = FMDatabaseAdditions.h; sourceTree = "<group>"; };
		25FF0BAB15B4A6FC00F5EE73 /* FMDatabaseAdditions.m */ = {isa = PBXFileReference; fileEncoding = 4; lastKnownFileType = sourcecode.c.objc; path = FMDatabaseAdditions.m; sourceTree = "<group>"; };
		25FF0BAC15B4A6FC00F5EE73 /* FMResultSet.h */ = {isa = PBXFileReference; fileEncoding = 4; lastKnownFileType = sourcecode.c.h; path = FMResultSet.h; sourceTree = "<group>"; };
		25FF0BAD15B4A6FC00F5EE73 /* FMResultSet.m */ = {isa = PBXFileReference; fileEncoding = 4; lastKnownFileType = sourcecode.c.objc; path = FMResultSet.m; sourceTree = "<group>"; };
		25FF0BB115B4A71900F5EE73 /* FMDatabasePool.h */ = {isa = PBXFileReference; fileEncoding = 4; lastKnownFileType = sourcecode.c.h; lineEnding = 0; path = FMDatabasePool.h; sourceTree = "<group>"; xcLanguageSpecificationIdentifier = xcode.lang.objcpp; };
		25FF0BB215B4A71900F5EE73 /* FMDatabasePool.m */ = {isa = PBXFileReference; fileEncoding = 4; lastKnownFileType = sourcecode.c.objc; path = FMDatabasePool.m; sourceTree = "<group>"; };
		25FF0BB415B4A73500F5EE73 /* libsqlite3.dylib */ = {isa = PBXFileReference; lastKnownFileType = "compiled.mach-o.dylib"; name = libsqlite3.dylib; path = usr/lib/libsqlite3.dylib; sourceTree = SDKROOT; };
		25FF0BB715B4A89C00F5EE73 /* CNCategoryTableViewController.h */ = {isa = PBXFileReference; fileEncoding = 4; lastKnownFileType = sourcecode.c.h; path = CNCategoryTableViewController.h; sourceTree = "<group>"; };
		25FF0BB815B4A89C00F5EE73 /* CNCategoryTableViewController.m */ = {isa = PBXFileReference; fileEncoding = 4; lastKnownFileType = sourcecode.c.objc; lineEnding = 0; path = CNCategoryTableViewController.m; sourceTree = "<group>"; xcLanguageSpecificationIdentifier = xcode.lang.objc; };
		25FF0BBB15B4BA4100F5EE73 /* GGFloorPlan.h */ = {isa = PBXFileReference; fileEncoding = 4; lastKnownFileType = sourcecode.c.h; lineEnding = 0; path = GGFloorPlan.h; sourceTree = "<group>"; xcLanguageSpecificationIdentifier = xcode.lang.objcpp; };
		25FF0BBC15B4BA4100F5EE73 /* GGFloorPlan.m */ = {isa = PBXFileReference; fileEncoding = 4; lastKnownFileType = sourcecode.c.objc; lineEnding = 0; path = GGFloorPlan.m; sourceTree = "<group>"; xcLanguageSpecificationIdentifier = xcode.lang.objc; };
		25FF0BBE15B4BE4400F5EE73 /* GGPoint.h */ = {isa = PBXFileReference; fileEncoding = 4; lastKnownFileType = sourcecode.c.h; lineEnding = 0; path = GGPoint.h; sourceTree = "<group>"; xcLanguageSpecificationIdentifier = xcode.lang.objcpp; };
		25FF0BBF15B4BE4400F5EE73 /* GGPoint.m */ = {isa = PBXFileReference; fileEncoding = 4; lastKnownFileType = sourcecode.c.objc; path = GGPoint.m; sourceTree = "<group>"; };
		25FF0BC115B4C10300F5EE73 /* GGElement.h */ = {isa = PBXFileReference; fileEncoding = 4; lastKnownFileType = sourcecode.c.h; path = GGElement.h; sourceTree = "<group>"; };
		25FF0BC215B4C10300F5EE73 /* GGElement.m */ = {isa = PBXFileReference; fileEncoding = 4; lastKnownFileType = sourcecode.c.objc; lineEnding = 0; path = GGElement.m; sourceTree = "<group>"; xcLanguageSpecificationIdentifier = xcode.lang.objc; };
		25FF0BC415B4C31F00F5EE73 /* GGPOI.h */ = {isa = PBXFileReference; fileEncoding = 4; lastKnownFileType = sourcecode.c.h; lineEnding = 0; path = GGPOI.h; sourceTree = "<group>"; xcLanguageSpecificationIdentifier = xcode.lang.objcpp; };
		25FF0BC515B4C31F00F5EE73 /* GGPOI.m */ = {isa = PBXFileReference; fileEncoding = 4; lastKnownFileType = sourcecode.c.objc; lineEnding = 0; path = GGPOI.m; sourceTree = "<group>"; xcLanguageSpecificationIdentifier = xcode.lang.objc; };
		25FF0BC715B4C97000F5EE73 /* GGEdge.h */ = {isa = PBXFileReference; fileEncoding = 4; lastKnownFileType = sourcecode.c.h; lineEnding = 0; path = GGEdge.h; sourceTree = "<group>"; xcLanguageSpecificationIdentifier = xcode.lang.objcpp; };
		25FF0BC815B4C97000F5EE73 /* GGEdge.m */ = {isa = PBXFileReference; fileEncoding = 4; lastKnownFileType = sourcecode.c.objc; lineEnding = 0; path = GGEdge.m; sourceTree = "<group>"; xcLanguageSpecificationIdentifier = xcode.lang.objc; };
		25FF0BCA15B4E6E900F5EE73 /* GGGraph.h */ = {isa = PBXFileReference; fileEncoding = 4; lastKnownFileType = sourcecode.c.h; lineEnding = 0; path = GGGraph.h; sourceTree = "<group>"; xcLanguageSpecificationIdentifier = xcode.lang.objcpp; };
		25FF0BCB15B4E6EA00F5EE73 /* GGGraph.m */ = {isa = PBXFileReference; fileEncoding = 4; lastKnownFileType = sourcecode.c.objc; lineEnding = 0; path = GGGraph.m; sourceTree = "<group>"; xcLanguageSpecificationIdentifier = xcode.lang.objc; };
		25FF0BCE15B4EDE400F5EE73 /* GGPOIPool.h */ = {isa = PBXFileReference; fileEncoding = 4; lastKnownFileType = sourcecode.c.h; lineEnding = 0; path = GGPOIPool.h; sourceTree = "<group>"; xcLanguageSpecificationIdentifier = xcode.lang.objcpp; };
		25FF0BCF15B4EDE400F5EE73 /* GGPOIPool.m */ = {isa = PBXFileReference; fileEncoding = 4; lastKnownFileType = sourcecode.c.objc; lineEnding = 0; path = GGPOIPool.m; sourceTree = "<group>"; xcLanguageSpecificationIdentifier = xcode.lang.objc; };
		25FF0BD515B5038600F5EE73 /* CoreLocation.framework */ = {isa = PBXFileReference; lastKnownFileType = wrapper.framework; name = CoreLocation.framework; path = System/Library/Frameworks/CoreLocation.framework; sourceTree = SDKROOT; };
		25FF0BDB15B519D200F5EE73 /* GGSystem.h */ = {isa = PBXFileReference; fileEncoding = 4; lastKnownFileType = sourcecode.c.h; path = GGSystem.h; sourceTree = "<group>"; };
		25FF0BDC15B519D300F5EE73 /* GGSystem.m */ = {isa = PBXFileReference; fileEncoding = 4; lastKnownFileType = sourcecode.c.objc; lineEnding = 0; path = GGSystem.m; sourceTree = "<group>"; xcLanguageSpecificationIdentifier = xcode.lang.objc; };
		25FF0BE215B5341E00F5EE73 /* GG_DATA.sqlite */ = {isa = PBXFileReference; lastKnownFileType = file; path = GG_DATA.sqlite; sourceTree = "<group>"; };
/* End PBXFileReference section */

/* Begin PBXFrameworksBuildPhase section */
		2586975215817CD300F79A1A /* Frameworks */ = {
			isa = PBXFrameworksBuildPhase;
			buildActionMask = 2147483647;
			files = (
				2586975A15817CD300F79A1A /* UIKit.framework in Frameworks */,
				2586975C15817CD300F79A1A /* Foundation.framework in Frameworks */,
				25373A7115B8F01F000FECC4 /* QuartzCore.framework in Frameworks */,
				2586975E15817CD300F79A1A /* CoreGraphics.framework in Frameworks */,
				2586976015817CD300F79A1A /* CoreData.framework in Frameworks */,
				25FF0BD615B5038600F5EE73 /* CoreLocation.framework in Frameworks */,
				25FF0BB515B4A73500F5EE73 /* libsqlite3.dylib in Frameworks */,
			);
			runOnlyForDeploymentPostprocessing = 0;
		};
/* End PBXFrameworksBuildPhase section */

/* Begin PBXGroup section */
		250B884315B6FD0C00332392 /* Components */ = {
			isa = PBXGroup;
			children = (
				250B883A15B6EC5F00332392 /* GGBuilding.h */,
				250B883B15B6EC6000332392 /* GGBuilding.m */,
				25FF0BBB15B4BA4100F5EE73 /* GGFloorPlan.h */,
				25FF0BBC15B4BA4100F5EE73 /* GGFloorPlan.m */,
				25FF0BBE15B4BE4400F5EE73 /* GGPoint.h */,
				25FF0BBF15B4BE4400F5EE73 /* GGPoint.m */,
				25FF0BC115B4C10300F5EE73 /* GGElement.h */,
				25FF0BC215B4C10300F5EE73 /* GGElement.m */,
				25FF0BC415B4C31F00F5EE73 /* GGPOI.h */,
				25FF0BC515B4C31F00F5EE73 /* GGPOI.m */,
				25FF0BC715B4C97000F5EE73 /* GGEdge.h */,
				25FF0BC815B4C97000F5EE73 /* GGEdge.m */,
			);
			name = Components;
			sourceTree = "<group>";
		};
		250B885515B74ABA00332392 /* Behind the Scene */ = {
			isa = PBXGroup;
			children = (
				257C9EFF15E9CFE1004AF278 /* YRDropdownView */,
				25373A7215B8F141000FECC4 /* CNUICustomize.h */,
				25373A7315B8F141000FECC4 /* CNUICustomize.m */,
				25373A7915B901F8000FECC4 /* CNNavigationController.h */,
				25373A7A15B901F8000FECC4 /* CNNavigationController.m */,
				255FF04115B89C0D0033C98B /* CNPOICell.h */,
				255FF04215B89C0D0033C98B /* CNPOICell.m */,
				250B883015B610AF00332392 /* CNGeoGraphSelectionViewController.h */,
				250B883115B610AF00332392 /* CNGeoGraphSelectionViewController.m */,
			);
			name = "Behind the Scene";
			sourceTree = "<group>";
		};
		2514552C15BF3FDC004C2931 /* UI Components */ = {
			isa = PBXGroup;
			children = (
				2537393B15B8EB8D000FECC4 /* back.png */,
				2537393C15B8EB8D000FECC4 /* back@2x.png */,
				2537395515B8EB8D000FECC4 /* ipad-BG-pattern.png */,
				2537395615B8EB8D000FECC4 /* ipad-BG-pattern@2x.png */,
				2537399315B8EB8D000FECC4 /* menubar-button.png */,
				2537399415B8EB8D000FECC4 /* menubar-button@2x.png */,
				2537399515B8EB8D000FECC4 /* menubar.png */,
				2537399615B8EB8D000FECC4 /* menubar@2x.png */,
				253739C115B8EB8E000FECC4 /* tab-icon1.png */,
				253739C215B8EB8E000FECC4 /* tab-icon1@2x.png */,
				253739C315B8EB8E000FECC4 /* tab-icon2.png */,
				253739C415B8EB8E000FECC4 /* tab-icon2@2x.png */,
				253739C515B8EB8E000FECC4 /* tab-icon3.png */,
				253739C615B8EB8E000FECC4 /* tab-icon3.psd */,
				253739C715B8EB8E000FECC4 /* tab-icon3@2x.png */,
				253739C815B8EB8E000FECC4 /* tab-icon4.png */,
				253739C915B8EB8E000FECC4 /* tab-icon4@2x.png */,
				253739CA15B8EB8E000FECC4 /* tabbar-active.png */,
				253739CB15B8EB8E000FECC4 /* tabbar-active@2x.png */,
				253739CC15B8EB8E000FECC4 /* tabbar.png */,
				253739CD15B8EB8E000FECC4 /* tabbar@2x.png */,
			);
			name = "UI Components";
			sourceTree = "<group>";
		};
		2514552D15BF3FF5004C2931 /* Navigation Signs */ = {
			isa = PBXGroup;
			children = (
				2514552815BF3DCB004C2931 /* destination.png */,
				2514552915BF3DCB004C2931 /* source.png */,
				2514551D15BF2C61004C2931 /* down.png */,
				2514551E15BF2C61004C2931 /* left.png */,
				2514551F15BF2C61004C2931 /* right.png */,
				2514552015BF2C61004C2931 /* straight.png */,
				2514552115BF2C61004C2931 /* up.png */,
			);
			name = "Navigation Signs";
			sourceTree = "<group>";
		};
		2514552E15BF4014004C2931 /* Floor Plans */ = {
			isa = PBXGroup;
			children = (
				2514552F15BF402E004C2931 /* MC_02FLR.png */,
				2514553015BF402E004C2931 /* MC_03FLR.png */,
			);
			path = "Floor Plans";
			sourceTree = "<group>";
		};
		2537392B15B8EB8D000FECC4 /* Resources */ = {
			isa = PBXGroup;
			children = (
				2514552E15BF4014004C2931 /* Floor Plans */,
				2514552D15BF3FF5004C2931 /* Navigation Signs */,
				2514552C15BF3FDC004C2931 /* UI Components */,
			);
			path = Resources;
			sourceTree = "<group>";
		};
		255FF01C15B789C50033C98B /* User Profile */ = {
			isa = PBXGroup;
			children = (
				255FF02715B796D00033C98B /* UserPOI.h */,
				255FF02815B796D00033C98B /* UserPOI.m */,
				255FF02E15B7A3A60033C98B /* CNUserProfile.h */,
				255FF02F15B7A3A60033C98B /* CNUserProfile.m */,
			);
			path = "User Profile";
			sourceTree = "<group>";
		};
		257C9EFF15E9CFE1004AF278 /* YRDropdownView */ = {
			isa = PBXGroup;
			children = (
				257C9F0015E9CFE1004AF278 /* bg-yellow.png */,
				257C9F0115E9CFE1004AF278 /* bg-yellow@2x.png */,
				257C9F0215E9CFE1004AF278 /* YRDropdownView.h */,
				257C9F0315E9CFE1004AF278 /* YRDropdownView.m */,
			);
			path = YRDropdownView;
			sourceTree = "<group>";
		};
		2586974A15817CD300F79A1A = {
			isa = PBXGroup;
			children = (
				2586976115817CD300F79A1A /* CampusNav */,
				2586975815817CD300F79A1A /* Frameworks */,
				2586975615817CD300F79A1A /* Products */,
				255E160E1581B8FA002B9EBC /* README.md */,
				255E160B1581B572002B9EBC /* .gitignore */,
			);
			sourceTree = "<group>";
		};
		2586975615817CD300F79A1A /* Products */ = {
			isa = PBXGroup;
			children = (
				2586975515817CD300F79A1A /* CampusNav.app */,
			);
			name = Products;
			sourceTree = "<group>";
		};
		2586975815817CD300F79A1A /* Frameworks */ = {
			isa = PBXGroup;
			children = (
				2586975915817CD300F79A1A /* UIKit.framework */,
				2586975B15817CD300F79A1A /* Foundation.framework */,
				25373A7015B8F01F000FECC4 /* QuartzCore.framework */,
				2586975D15817CD300F79A1A /* CoreGraphics.framework */,
				2586975F15817CD300F79A1A /* CoreData.framework */,
				25FF0BD515B5038600F5EE73 /* CoreLocation.framework */,
				25FF0BB415B4A73500F5EE73 /* libsqlite3.dylib */,
			);
			name = Frameworks;
			sourceTree = "<group>";
		};
		2586976115817CD300F79A1A /* CampusNav */ = {
			isa = PBXGroup;
			children = (
				25FF0BB615B4A84000F5EE73 /* View Controllers */,
				25E240E815BC830800B70887 /* Path Calculation */,
				25FF0BCD15B4ED9E00F5EE73 /* GeoGraph Utilities */,
				25FF0BBA15B4B6CB00F5EE73 /* GeoGraph System */,
				255FF01C15B789C50033C98B /* User Profile */,
				2586976A15817CD300F79A1A /* CNAppDelegate.h */,
				2586976B15817CD300F79A1A /* CNAppDelegate.m */,
				2586976D15817CD300F79A1A /* CampusNav.xcdatamodeld */,
				25FF0BA615B4A49B00F5EE73 /* FMDB */,
				2537392B15B8EB8D000FECC4 /* Resources */,
				2586976215817CD300F79A1A /* Supporting Files */,
			);
			path = CampusNav;
			sourceTree = "<group>";
		};
		2586976215817CD300F79A1A /* Supporting Files */ = {
			isa = PBXGroup;
			children = (
				25FF0BE215B5341E00F5EE73 /* GG_DATA.sqlite */,
				25936C911582683D005D8924 /* Storyboard.storyboard */,
				2586976315817CD300F79A1A /* CampusNav-Info.plist */,
				2586976415817CD300F79A1A /* InfoPlist.strings */,
				2586976715817CD300F79A1A /* main.m */,
				2586976915817CD300F79A1A /* CampusNav-Prefix.pch */,
			);
			name = "Supporting Files";
			sourceTree = "<group>";
		};
		25E240E815BC830800B70887 /* Path Calculation */ = {
			isa = PBXGroup;
			children = (
				2514551515BF0692004C2931 /* CNPathNode.h */,
				2514551615BF0692004C2931 /* CNPathNode.m */,
				25E240E915BC861000B70887 /* CNPathCalculator.h */,
				25E240EA15BC861000B70887 /* CNPathCalculator.m */,
				25E240F415BCEF0900B70887 /* CNSameFloorPathCalculator.h */,
				25E240F515BCEF0900B70887 /* CNSameFloorPathCalculator.m */,
				25E240FA15BE486F00B70887 /* CNSameBuildingPathCalculator.h */,
				25E240FB15BE486F00B70887 /* CNSameBuildingPathCalculator.m */,
			);
			path = "Path Calculation";
			sourceTree = "<group>";
		};
		25FF0BA615B4A49B00F5EE73 /* FMDB */ = {
			isa = PBXGroup;
			children = (
				25FF0BB115B4A71900F5EE73 /* FMDatabasePool.h */,
				25FF0BB215B4A71900F5EE73 /* FMDatabasePool.m */,
				25FF0BA815B4A6FC00F5EE73 /* FMDatabase.h */,
				25FF0BA915B4A6FC00F5EE73 /* FMDatabase.m */,
				25FF0BAA15B4A6FC00F5EE73 /* FMDatabaseAdditions.h */,
				25FF0BAB15B4A6FC00F5EE73 /* FMDatabaseAdditions.m */,
				25FF0BAC15B4A6FC00F5EE73 /* FMResultSet.h */,
				25FF0BAD15B4A6FC00F5EE73 /* FMResultSet.m */,
			);
			path = FMDB;
			sourceTree = "<group>";
		};
		25FF0BB615B4A84000F5EE73 /* View Controllers */ = {
			isa = PBXGroup;
			children = (
				250B885515B74ABA00332392 /* Behind the Scene */,
				250B885115B74A7900332392 /* CNUserPOIViewController.h */,
				250B885215B74A7900332392 /* CNUserPOIViewController.m */,
				25FF0BB715B4A89C00F5EE73 /* CNCategoryTableViewController.h */,
				25FF0BB815B4A89C00F5EE73 /* CNCategoryTableViewController.m */,
				250B883315B615B200332392 /* CNPOITableViewController.h */,
				250B883415B615B200332392 /* CNPOITableViewController.m */,
				255FF02415B7959E0033C98B /* CNPOIDetailViewController.h */,
				255FF02515B7959E0033C98B /* CNPOIDetailViewController.m */,
				255FF03D15B89A1B0033C98B /* CNNavConfigViewController.h */,
				255FF03E15B89A1B0033C98B /* CNNavConfigViewController.m */,
				25E240F715BD052A00B70887 /* CNNavResultViewController.h */,
				25E240F815BD052B00B70887 /* CNNavResultViewController.m */,
			);
			path = "View Controllers";
			sourceTree = "<group>";
		};
		25FF0BBA15B4B6CB00F5EE73 /* GeoGraph System */ = {
			isa = PBXGroup;
			children = (
				250B884315B6FD0C00332392 /* Components */,
				25FF0BCA15B4E6E900F5EE73 /* GGGraph.h */,
				25FF0BCB15B4E6EA00F5EE73 /* GGGraph.m */,
				25FF0BDB15B519D200F5EE73 /* GGSystem.h */,
				25FF0BDC15B519D300F5EE73 /* GGSystem.m */,
				25E7944015B5C5D800E7B58C /* GGSystem+GGInternalSystem.h */,
				25E7944115B5C5D800E7B58C /* GGSystem+GGInternalSystem.m */,
			);
			path = "GeoGraph System";
			sourceTree = "<group>";
		};
		25FF0BCD15B4ED9E00F5EE73 /* GeoGraph Utilities */ = {
			isa = PBXGroup;
			children = (
				250B883D15B6F06D00332392 /* GGPool.h */,
				250B883E15B6F06D00332392 /* GGPool.m */,
				250B884015B6F28B00332392 /* GGBuildingPool.h */,
				250B884115B6F28B00332392 /* GGBuildingPool.m */,
				250B882915B6006000332392 /* GGFloorPlanPool.h */,
				250B882A15B6006000332392 /* GGFloorPlanPool.m */,
				25FF0BCE15B4EDE400F5EE73 /* GGPOIPool.h */,
				25FF0BCF15B4EDE400F5EE73 /* GGPOIPool.m */,
			);
			path = "GeoGraph Utilities";
			sourceTree = "<group>";
		};
/* End PBXGroup section */

/* Begin PBXNativeTarget section */
		2586975415817CD300F79A1A /* CampusNav */ = {
			isa = PBXNativeTarget;
			buildConfigurationList = 2586977215817CD300F79A1A /* Build configuration list for PBXNativeTarget "CampusNav" */;
			buildPhases = (
				2586975115817CD300F79A1A /* Sources */,
				2586975215817CD300F79A1A /* Frameworks */,
				2586975315817CD300F79A1A /* Resources */,
			);
			buildRules = (
			);
			dependencies = (
			);
			name = CampusNav;
			productName = CampusNav;
			productReference = 2586975515817CD300F79A1A /* CampusNav.app */;
			productType = "com.apple.product-type.application";
		};
/* End PBXNativeTarget section */

/* Begin PBXProject section */
		2586974C15817CD300F79A1A /* Project object */ = {
			isa = PBXProject;
			attributes = {
				CLASSPREFIX = CN;
				LastUpgradeCheck = 0430;
			};
			buildConfigurationList = 2586974F15817CD300F79A1A /* Build configuration list for PBXProject "CampusNav" */;
			compatibilityVersion = "Xcode 3.2";
			developmentRegion = English;
			hasScannedForEncodings = 0;
			knownRegions = (
				en,
			);
			mainGroup = 2586974A15817CD300F79A1A;
			productRefGroup = 2586975615817CD300F79A1A /* Products */;
			projectDirPath = "";
			projectRoot = "";
			targets = (
				2586975415817CD300F79A1A /* CampusNav */,
			);
		};
/* End PBXProject section */

/* Begin PBXResourcesBuildPhase section */
		2586975315817CD300F79A1A /* Resources */ = {
			isa = PBXResourcesBuildPhase;
			buildActionMask = 2147483647;
			files = (
				2586976615817CD300F79A1A /* InfoPlist.strings in Resources */,
				25936C921582683D005D8924 /* Storyboard.storyboard in Resources */,
				25FF0BE315B5342600F5EE73 /* GG_DATA.sqlite in Resources */,
				253739DD15B8EB8E000FECC4 /* back.png in Resources */,
				253739DE15B8EB8E000FECC4 /* back@2x.png in Resources */,
				253739F715B8EB8E000FECC4 /* ipad-BG-pattern.png in Resources */,
				253739F815B8EB8E000FECC4 /* ipad-BG-pattern@2x.png in Resources */,
				25373A3515B8EB8E000FECC4 /* menubar-button.png in Resources */,
				25373A3615B8EB8E000FECC4 /* menubar-button@2x.png in Resources */,
				25373A3715B8EB8E000FECC4 /* menubar.png in Resources */,
				25373A3815B8EB8E000FECC4 /* menubar@2x.png in Resources */,
				25373A6315B8EB8E000FECC4 /* tab-icon1.png in Resources */,
				25373A6415B8EB8E000FECC4 /* tab-icon1@2x.png in Resources */,
				25373A6515B8EB8E000FECC4 /* tab-icon2.png in Resources */,
				25373A6615B8EB8E000FECC4 /* tab-icon2@2x.png in Resources */,
				25373A6715B8EB8E000FECC4 /* tab-icon3.png in Resources */,
				25373A6815B8EB8E000FECC4 /* tab-icon3.psd in Resources */,
				25373A6915B8EB8E000FECC4 /* tab-icon3@2x.png in Resources */,
				25373A6A15B8EB8E000FECC4 /* tab-icon4.png in Resources */,
				25373A6B15B8EB8E000FECC4 /* tab-icon4@2x.png in Resources */,
				25373A6C15B8EB8E000FECC4 /* tabbar-active.png in Resources */,
				25373A6D15B8EB8E000FECC4 /* tabbar-active@2x.png in Resources */,
				25373A6E15B8EB8E000FECC4 /* tabbar.png in Resources */,
				25373A6F15B8EB8E000FECC4 /* tabbar@2x.png in Resources */,
				2514552215BF2C61004C2931 /* down.png in Resources */,
				2514552315BF2C61004C2931 /* left.png in Resources */,
				2514552415BF2C61004C2931 /* right.png in Resources */,
				2514552515BF2C61004C2931 /* straight.png in Resources */,
				2514552615BF2C61004C2931 /* up.png in Resources */,
				2514552A15BF3DCB004C2931 /* destination.png in Resources */,
				2514552B15BF3DCB004C2931 /* source.png in Resources */,
				2514553115BF402E004C2931 /* MC_02FLR.png in Resources */,
				2514553215BF402E004C2931 /* MC_03FLR.png in Resources */,
				257C9F0415E9CFE1004AF278 /* bg-yellow.png in Resources */,
				257C9F0515E9CFE1004AF278 /* bg-yellow@2x.png in Resources */,
			);
			runOnlyForDeploymentPostprocessing = 0;
		};
/* End PBXResourcesBuildPhase section */

/* Begin PBXSourcesBuildPhase section */
		2586975115817CD300F79A1A /* Sources */ = {
			isa = PBXSourcesBuildPhase;
			buildActionMask = 2147483647;
			files = (
				2586976815817CD300F79A1A /* main.m in Sources */,
				2586976C15817CD300F79A1A /* CNAppDelegate.m in Sources */,
				2586976F15817CD300F79A1A /* CampusNav.xcdatamodeld in Sources */,
				25FF0BAE15B4A6FC00F5EE73 /* FMDatabase.m in Sources */,
				25FF0BAF15B4A6FC00F5EE73 /* FMDatabaseAdditions.m in Sources */,
				25FF0BB015B4A6FC00F5EE73 /* FMResultSet.m in Sources */,
				25FF0BB315B4A71900F5EE73 /* FMDatabasePool.m in Sources */,
				25FF0BB915B4A89C00F5EE73 /* CNCategoryTableViewController.m in Sources */,
				25FF0BBD15B4BA4100F5EE73 /* GGFloorPlan.m in Sources */,
				25FF0BC015B4BE4400F5EE73 /* GGPoint.m in Sources */,
				25FF0BC315B4C10300F5EE73 /* GGElement.m in Sources */,
				25FF0BC615B4C31F00F5EE73 /* GGPOI.m in Sources */,
				25FF0BC915B4C97000F5EE73 /* GGEdge.m in Sources */,
				25FF0BCC15B4E6EA00F5EE73 /* GGGraph.m in Sources */,
				25FF0BD015B4EDE400F5EE73 /* GGPOIPool.m in Sources */,
				25FF0BDD15B519D400F5EE73 /* GGSystem.m in Sources */,
				25E7944215B5C5D800E7B58C /* GGSystem+GGInternalSystem.m in Sources */,
				250B882B15B6006000332392 /* GGFloorPlanPool.m in Sources */,
				250B883215B610AF00332392 /* CNGeoGraphSelectionViewController.m in Sources */,
				250B883515B615B200332392 /* CNPOITableViewController.m in Sources */,
				250B883C15B6EC6100332392 /* GGBuilding.m in Sources */,
				250B883F15B6F06D00332392 /* GGPool.m in Sources */,
				250B884215B6F28B00332392 /* GGBuildingPool.m in Sources */,
				250B885315B74A7900332392 /* CNUserPOIViewController.m in Sources */,
				255FF02615B7959E0033C98B /* CNPOIDetailViewController.m in Sources */,
				255FF02915B796D00033C98B /* UserPOI.m in Sources */,
				255FF03015B7A3A60033C98B /* CNUserProfile.m in Sources */,
				255FF03F15B89A1C0033C98B /* CNNavConfigViewController.m in Sources */,
				255FF04315B89C0D0033C98B /* CNPOICell.m in Sources */,
				25373A7415B8F141000FECC4 /* CNUICustomize.m in Sources */,
				25373A7B15B901F8000FECC4 /* CNNavigationController.m in Sources */,
				25E240EB15BC861000B70887 /* CNPathCalculator.m in Sources */,
				25E240F615BCEF0900B70887 /* CNSameFloorPathCalculator.m in Sources */,
				25E240F915BD052B00B70887 /* CNNavResultViewController.m in Sources */,
				25E240FC15BE486F00B70887 /* CNSameBuildingPathCalculator.m in Sources */,
				2514551715BF0693004C2931 /* CNPathNode.m in Sources */,
				257C9F0615E9CFE1004AF278 /* YRDropdownView.m in Sources */,
			);
			runOnlyForDeploymentPostprocessing = 0;
		};
/* End PBXSourcesBuildPhase section */

/* Begin PBXVariantGroup section */
		2586976415817CD300F79A1A /* InfoPlist.strings */ = {
			isa = PBXVariantGroup;
			children = (
				2586976515817CD300F79A1A /* en */,
			);
			name = InfoPlist.strings;
			sourceTree = "<group>";
		};
/* End PBXVariantGroup section */

/* Begin XCBuildConfiguration section */
		2586977015817CD300F79A1A /* Debug */ = {
			isa = XCBuildConfiguration;
			buildSettings = {
				ALWAYS_SEARCH_USER_PATHS = NO;
				ARCHS = "$(ARCHS_STANDARD_32_BIT)";
				CLANG_ENABLE_OBJC_ARC = YES;
				"CODE_SIGN_IDENTITY[sdk=iphoneos*]" = "iPhone Developer";
				COPY_PHASE_STRIP = NO;
				GCC_C_LANGUAGE_STANDARD = gnu99;
				GCC_DYNAMIC_NO_PIC = NO;
				GCC_OPTIMIZATION_LEVEL = 0;
				GCC_PREPROCESSOR_DEFINITIONS = (
					"DEBUG=1",
					"$(inherited)",
				);
				GCC_SYMBOLS_PRIVATE_EXTERN = NO;
				GCC_VERSION = com.apple.compilers.llvm.clang.1_0;
				GCC_WARN_ABOUT_RETURN_TYPE = YES;
				GCC_WARN_UNINITIALIZED_AUTOS = YES;
				GCC_WARN_UNUSED_VARIABLE = YES;
				IPHONEOS_DEPLOYMENT_TARGET = 5.1;
				SDKROOT = iphoneos;
			};
			name = Debug;
		};
		2586977115817CD300F79A1A /* Release */ = {
			isa = XCBuildConfiguration;
			buildSettings = {
				ALWAYS_SEARCH_USER_PATHS = NO;
				ARCHS = "$(ARCHS_STANDARD_32_BIT)";
				CLANG_ENABLE_OBJC_ARC = YES;
				"CODE_SIGN_IDENTITY[sdk=iphoneos*]" = "iPhone Developer";
				COPY_PHASE_STRIP = YES;
				GCC_C_LANGUAGE_STANDARD = gnu99;
				GCC_VERSION = com.apple.compilers.llvm.clang.1_0;
				GCC_WARN_ABOUT_RETURN_TYPE = YES;
				GCC_WARN_UNINITIALIZED_AUTOS = YES;
				GCC_WARN_UNUSED_VARIABLE = YES;
				IPHONEOS_DEPLOYMENT_TARGET = 5.1;
				OTHER_CFLAGS = "-DNS_BLOCK_ASSERTIONS=1";
				SDKROOT = iphoneos;
				VALIDATE_PRODUCT = YES;
			};
			name = Release;
		};
		2586977315817CD300F79A1A /* Debug */ = {
			isa = XCBuildConfiguration;
			buildSettings = {
				GCC_PRECOMPILE_PREFIX_HEADER = YES;
				GCC_PREFIX_HEADER = "CampusNav/CampusNav-Prefix.pch";
				INFOPLIST_FILE = "CampusNav/CampusNav-Info.plist";
				IPHONEOS_DEPLOYMENT_TARGET = 5.0;
				PRODUCT_NAME = "$(TARGET_NAME)";
				WRAPPER_EXTENSION = app;
			};
			name = Debug;
		};
		2586977415817CD300F79A1A /* Release */ = {
			isa = XCBuildConfiguration;
			buildSettings = {
				GCC_PRECOMPILE_PREFIX_HEADER = YES;
				GCC_PREFIX_HEADER = "CampusNav/CampusNav-Prefix.pch";
				INFOPLIST_FILE = "CampusNav/CampusNav-Info.plist";
				IPHONEOS_DEPLOYMENT_TARGET = 5.0;
				PRODUCT_NAME = "$(TARGET_NAME)";
				WRAPPER_EXTENSION = app;
			};
			name = Release;
		};
/* End XCBuildConfiguration section */

/* Begin XCConfigurationList section */
		2586974F15817CD300F79A1A /* Build configuration list for PBXProject "CampusNav" */ = {
			isa = XCConfigurationList;
			buildConfigurations = (
				2586977015817CD300F79A1A /* Debug */,
				2586977115817CD300F79A1A /* Release */,
			);
			defaultConfigurationIsVisible = 0;
			defaultConfigurationName = Release;
		};
		2586977215817CD300F79A1A /* Build configuration list for PBXNativeTarget "CampusNav" */ = {
			isa = XCConfigurationList;
			buildConfigurations = (
				2586977315817CD300F79A1A /* Debug */,
				2586977415817CD300F79A1A /* Release */,
			);
			defaultConfigurationIsVisible = 0;
			defaultConfigurationName = Release;
		};
/* End XCConfigurationList section */

/* Begin XCVersionGroup section */
		2586976D15817CD300F79A1A /* CampusNav.xcdatamodeld */ = {
			isa = XCVersionGroup;
			children = (
				2586976E15817CD300F79A1A /* CampusNav.xcdatamodel */,
			);
			currentVersion = 2586976E15817CD300F79A1A /* CampusNav.xcdatamodel */;
			path = CampusNav.xcdatamodeld;
			sourceTree = "<group>";
			versionGroupType = wrapper.xcdatamodel;
		};
/* End XCVersionGroup section */
	};
	rootObject = 2586974C15817CD300F79A1A /* Project object */;
}
